
Microsoft Visual Studio Solution File, Format Version 12.00
# Visual Studio Version 17
VisualStudioVersion = 17.10.34916.146
MinimumVisualStudioVersion = 10.0.40219.1
Project("{FAE04EC0-301F-11D3-BF4B-00C04F79EFBC}") = "MVVM-Template", "MVVM-Template\MVVM-Template.csproj", "{F822FD01-9424-494A-8668-1D79B197F166}"
EndProject
Global
	GlobalSection(SolutionConfigurationPlatforms) = preSolution
		Debug|Any CPU = Debug|Any CPU
		Release|Any CPU = Release|Any CPU
	EndGlobalSection
	GlobalSection(ProjectConfigurationPlatforms) = postSolution
		{F822FD01-9424-494A-8668-1D79B197F166}.Debug|Any CPU.ActiveCfg = Debug|Any CPU
		{F822FD01-9424-494A-8668-1D79B197F166}.Debug|Any CPU.Build.0 = Debug|Any CPU
		{F822FD01-9424-494A-8668-1D79B197F166}.Release|Any CPU.ActiveCfg = Release|Any CPU
		{F822FD01-9424-494A-8668-1D79B197F166}.Release|Any CPU.Build.0 = Release|Any CPU
	EndGlobalSection
	GlobalSection(SolutionProperties) = preSolution
		HideSolutionNode = FALSE
	EndGlobalSection
	GlobalSection(ExtensibilityGlobals) = postSolution
		SolutionGuid = {16DE8BC7-E534-4CFC-AAF4-E0828E320128}
	EndGlobalSection
EndGlobal
